
Microsoft Visual Studio Solution File, Format Version 12.00
# Visual Studio Version 17
VisualStudioVersion = 17.14.36310.24
MinimumVisualStudioVersion = 10.0.40219.1
Project("{FAE04EC0-301F-11D3-BF4B-00C04F79EFBC}") = "PrimeiraTela", "PrimeiraTela\PrimeiraTela.csproj", "{1BFA3978-E0B5-433F-917E-A5EE6F1C1DEE}"
EndProject
Global
	GlobalSection(SolutionConfigurationPlatforms) = preSolution
		Debug|Any CPU = Debug|Any CPU
		Release|Any CPU = Release|Any CPU
	EndGlobalSection
	GlobalSection(ProjectConfigurationPlatforms) = postSolution
		{1BFA3978-E0B5-433F-917E-A5EE6F1C1DEE}.Debug|Any CPU.ActiveCfg = Debug|Any CPU
		{1BFA3978-E0B5-433F-917E-A5EE6F1C1DEE}.Debug|Any CPU.Build.0 = Debug|Any CPU
		{1BFA3978-E0B5-433F-917E-A5EE6F1C1DEE}.Release|Any CPU.ActiveCfg = Release|Any CPU
		{1BFA3978-E0B5-433F-917E-A5EE6F1C1DEE}.Release|Any CPU.Build.0 = Release|Any CPU
	EndGlobalSection
	GlobalSection(SolutionProperties) = preSolution
		HideSolutionNode = FALSE
	EndGlobalSection
	GlobalSection(ExtensibilityGlobals) = postSolution
		SolutionGuid = {F3787FE2-5ABB-4342-BBB5-B7393EB2A576}
	EndGlobalSection
EndGlobal
